
Microsoft Visual Studio Solution File, Format Version 12.00
Project("{FAE04EC0-301F-11D3-BF4B-00C04F79EFBC}") = "Kafka.Connect", "Kafka.Connect\Kafka.Connect.csproj", "{2BC20CF1-E2B1-4517-8FD6-0DBF4E8CFE80}"
EndProject
Project("{FAE04EC0-301F-11D3-BF4B-00C04F79EFBC}") = "Kafka.Connect.Plugin", "Kafka.Connect.Plugin\Kafka.Connect.Plugin.csproj", "{46EC5AA6-347F-4D21-AE13-C64DCF724648}"
EndProject
Project("{2150E333-8FDC-42A3-9474-1A3956D46DE8}") = "Tests", "Tests", "{3AD1B61F-9477-4DFB-BCEA-7B105D0A531A}"
EndProject
Project("{FAE04EC0-301F-11D3-BF4B-00C04F79EFBC}") = "Kafka.Connect.UnitTests", "Tests\Kafka.Connect.UnitTests\Kafka.Connect.UnitTests.csproj", "{AAD85DA8-55AD-43CD-AA31-E7FEC2120716}"
EndProject
Project("{2150E333-8FDC-42A3-9474-1A3956D46DE8}") = "Plugins", "Plugins", "{AF124F39-E61F-480A-B25F-CD2EA23F785A}"
EndProject
Project("{FAE04EC0-301F-11D3-BF4B-00C04F79EFBC}") = "Kafka.Connect.MongoDb", "Plugins\Kafka.Connect.MongoDb\Kafka.Connect.MongoDb.csproj", "{B5A27DEB-2151-478B-8288-0D86821CD9B5}"
EndProject
Project("{FAE04EC0-301F-11D3-BF4B-00C04F79EFBC}") = "Kafka.Connect.Replicator", "Plugins\Kafka.Connect.Replicator\Kafka.Connect.Replicator.csproj", "{A2156C14-E8BE-42AA-9D1E-0BCE02756462}"
EndProject
Project("{FAE04EC0-301F-11D3-BF4B-00C04F79EFBC}") = "Kafka.Connect.FunctionalTests", "Tests\Kafka.Connect.FunctionalTests\Kafka.Connect.FunctionalTests.csproj", "{F2C28EDC-0DED-4EA9-A01B-453F302FFD71}"
EndProject
Project("{FAE04EC0-301F-11D3-BF4B-00C04F79EFBC}") = "Kafka.Connect.PostgreSql", "Plugins\Kafka.Connect.PostgreSql\Kafka.Connect.PostgreSql.csproj", "{61556092-043C-4B0B-AC56-8F9D802D2541}"
EndProject
Global
	GlobalSection(SolutionConfigurationPlatforms) = preSolution
		Debug|Any CPU = Debug|Any CPU
		Release|Any CPU = Release|Any CPU
	EndGlobalSection
	GlobalSection(ProjectConfigurationPlatforms) = postSolution
		{2BC20CF1-E2B1-4517-8FD6-0DBF4E8CFE80}.Debug|Any CPU.ActiveCfg = Debug|Any CPU
		{2BC20CF1-E2B1-4517-8FD6-0DBF4E8CFE80}.Debug|Any CPU.Build.0 = Debug|Any CPU
		{2BC20CF1-E2B1-4517-8FD6-0DBF4E8CFE80}.Release|Any CPU.ActiveCfg = Release|Any CPU
		{2BC20CF1-E2B1-4517-8FD6-0DBF4E8CFE80}.Release|Any CPU.Build.0 = Release|Any CPU
		{46EC5AA6-347F-4D21-AE13-C64DCF724648}.Debug|Any CPU.ActiveCfg = Debug|Any CPU
		{46EC5AA6-347F-4D21-AE13-C64DCF724648}.Debug|Any CPU.Build.0 = Debug|Any CPU
		{46EC5AA6-347F-4D21-AE13-C64DCF724648}.Release|Any CPU.ActiveCfg = Release|Any CPU
		{46EC5AA6-347F-4D21-AE13-C64DCF724648}.Release|Any CPU.Build.0 = Release|Any CPU
		{AAD85DA8-55AD-43CD-AA31-E7FEC2120716}.Debug|Any CPU.ActiveCfg = Debug|Any CPU
		{AAD85DA8-55AD-43CD-AA31-E7FEC2120716}.Debug|Any CPU.Build.0 = Debug|Any CPU
		{AAD85DA8-55AD-43CD-AA31-E7FEC2120716}.Release|Any CPU.ActiveCfg = Release|Any CPU
		{AAD85DA8-55AD-43CD-AA31-E7FEC2120716}.Release|Any CPU.Build.0 = Release|Any CPU
		{B5A27DEB-2151-478B-8288-0D86821CD9B5}.Debug|Any CPU.ActiveCfg = Debug|Any CPU
		{B5A27DEB-2151-478B-8288-0D86821CD9B5}.Debug|Any CPU.Build.0 = Debug|Any CPU
		{B5A27DEB-2151-478B-8288-0D86821CD9B5}.Release|Any CPU.ActiveCfg = Release|Any CPU
		{B5A27DEB-2151-478B-8288-0D86821CD9B5}.Release|Any CPU.Build.0 = Release|Any CPU
		{A2156C14-E8BE-42AA-9D1E-0BCE02756462}.Debug|Any CPU.ActiveCfg = Debug|Any CPU
		{A2156C14-E8BE-42AA-9D1E-0BCE02756462}.Debug|Any CPU.Build.0 = Debug|Any CPU
		{A2156C14-E8BE-42AA-9D1E-0BCE02756462}.Release|Any CPU.ActiveCfg = Release|Any CPU
		{A2156C14-E8BE-42AA-9D1E-0BCE02756462}.Release|Any CPU.Build.0 = Release|Any CPU
		{F2C28EDC-0DED-4EA9-A01B-453F302FFD71}.Debug|Any CPU.ActiveCfg = Debug|Any CPU
		{F2C28EDC-0DED-4EA9-A01B-453F302FFD71}.Debug|Any CPU.Build.0 = Debug|Any CPU
		{F2C28EDC-0DED-4EA9-A01B-453F302FFD71}.Release|Any CPU.ActiveCfg = Release|Any CPU
		{F2C28EDC-0DED-4EA9-A01B-453F302FFD71}.Release|Any CPU.Build.0 = Release|Any CPU
		{61556092-043C-4B0B-AC56-8F9D802D2541}.Debug|Any CPU.ActiveCfg = Debug|Any CPU
		{61556092-043C-4B0B-AC56-8F9D802D2541}.Debug|Any CPU.Build.0 = Debug|Any CPU
		{61556092-043C-4B0B-AC56-8F9D802D2541}.Release|Any CPU.ActiveCfg = Release|Any CPU
		{61556092-043C-4B0B-AC56-8F9D802D2541}.Release|Any CPU.Build.0 = Release|Any CPU
	EndGlobalSection
	GlobalSection(NestedProjects) = preSolution
		{AAD85DA8-55AD-43CD-AA31-E7FEC2120716} = {3AD1B61F-9477-4DFB-BCEA-7B105D0A531A}
		{B5A27DEB-2151-478B-8288-0D86821CD9B5} = {AF124F39-E61F-480A-B25F-CD2EA23F785A}
		{A2156C14-E8BE-42AA-9D1E-0BCE02756462} = {AF124F39-E61F-480A-B25F-CD2EA23F785A}
		{F2C28EDC-0DED-4EA9-A01B-453F302FFD71} = {3AD1B61F-9477-4DFB-BCEA-7B105D0A531A}
		{61556092-043C-4B0B-AC56-8F9D802D2541} = {AF124F39-E61F-480A-B25F-CD2EA23F785A}
	EndGlobalSection
EndGlobal
