
Microsoft Visual Studio Solution File, Format Version 12.00
# Visual Studio Version 17
VisualStudioVersion = 17.0.31903.59
MinimumVisualStudioVersion = 10.0.40219.1
Project("{FAE04EC0-301F-11D3-BF4B-00C04F79EFBC}") = "Kafka.Connect", "Kafka.Connect\Kafka.Connect.csproj", "{9DF6554D-32B5-4A1E-9F60-4417732285C3}"
EndProject
Project("{FAE04EC0-301F-11D3-BF4B-00C04F79EFBC}") = "Kafka.Connect.Plugin", "Kafka.Connect.Plugin\Kafka.Connect.Plugin.csproj", "{A24328AF-3B86-4C12-AFC2-CAB6D592F439}"
EndProject
Project("{2150E333-8FDC-42A3-9474-1A3956D46DE8}") = "Plugins", "Plugins", "{07D57EEB-2F50-60C4-C011-FE4FA775C9A8}"
EndProject
Project("{FAE04EC0-301F-11D3-BF4B-00C04F79EFBC}") = "Kafka.Connect.DynamoDb", "Plugins\Kafka.Connect.DynamoDb\Kafka.Connect.DynamoDb.csproj", "{B46E0AAE-7A7E-42F3-A179-FE5299FA674F}"
EndProject
Project("{FAE04EC0-301F-11D3-BF4B-00C04F79EFBC}") = "Kafka.Connect.Oracle", "Plugins\Kafka.Connect.Oracle\Kafka.Connect.Oracle.csproj", "{F61BD153-9748-44A9-BE88-A105AB7FA506}"
EndProject
Project("{FAE04EC0-301F-11D3-BF4B-00C04F79EFBC}") = "Kafka.Connect.Postgres", "Plugins\Kafka.Connect.Postgres\Kafka.Connect.Postgres.csproj", "{74205DE3-570D-4029-B888-27776AE11B70}"
EndProject
Project("{FAE04EC0-301F-11D3-BF4B-00C04F79EFBC}") = "Kafka.Connect.SqlServer", "Plugins\Kafka.Connect.SqlServer\Kafka.Connect.SqlServer.csproj", "{1E69B734-6DCC-435E-B694-8166A959AB48}"
EndProject
Project("{FAE04EC0-301F-11D3-BF4B-00C04F79EFBC}") = "Kafka.Connect.MySql", "Plugins\Kafka.Connect.MySql\Kafka.Connect.MySql.csproj", "{63EAA0FD-9F08-4A50-8A4D-FBE7279C0921}"
EndProject
Project("{FAE04EC0-301F-11D3-BF4B-00C04F79EFBC}") = "Kafka.Connect.Replicator", "Plugins\Kafka.Connect.Replicator\Kafka.Connect.Replicator.csproj", "{327D750A-4A70-49B9-8640-8AA6F1CCAE9E}"
EndProject
Project("{FAE04EC0-301F-11D3-BF4B-00C04F79EFBC}") = "Kafka.Connect.MongoDb", "Plugins\Kafka.Connect.MongoDb\Kafka.Connect.MongoDb.csproj", "{1B347E89-49F2-4885-9B9A-CC7F19212A77}"
EndProject
Global
	GlobalSection(SolutionConfigurationPlatforms) = preSolution
		Debug|Any CPU = Debug|Any CPU
		Debug|x64 = Debug|x64
		Debug|x86 = Debug|x86
		Release|Any CPU = Release|Any CPU
		Release|x64 = Release|x64
		Release|x86 = Release|x86
	EndGlobalSection
	GlobalSection(ProjectConfigurationPlatforms) = postSolution
		{9DF6554D-32B5-4A1E-9F60-4417732285C3}.Debug|Any CPU.ActiveCfg = Debug|Any CPU
		{9DF6554D-32B5-4A1E-9F60-4417732285C3}.Debug|Any CPU.Build.0 = Debug|Any CPU
		{9DF6554D-32B5-4A1E-9F60-4417732285C3}.Debug|x64.ActiveCfg = Debug|Any CPU
		{9DF6554D-32B5-4A1E-9F60-4417732285C3}.Debug|x64.Build.0 = Debug|Any CPU
		{9DF6554D-32B5-4A1E-9F60-4417732285C3}.Debug|x86.ActiveCfg = Debug|Any CPU
		{9DF6554D-32B5-4A1E-9F60-4417732285C3}.Debug|x86.Build.0 = Debug|Any CPU
		{9DF6554D-32B5-4A1E-9F60-4417732285C3}.Release|Any CPU.ActiveCfg = Release|Any CPU
		{9DF6554D-32B5-4A1E-9F60-4417732285C3}.Release|Any CPU.Build.0 = Release|Any CPU
		{9DF6554D-32B5-4A1E-9F60-4417732285C3}.Release|x64.ActiveCfg = Release|Any CPU
		{9DF6554D-32B5-4A1E-9F60-4417732285C3}.Release|x64.Build.0 = Release|Any CPU
		{9DF6554D-32B5-4A1E-9F60-4417732285C3}.Release|x86.ActiveCfg = Release|Any CPU
		{9DF6554D-32B5-4A1E-9F60-4417732285C3}.Release|x86.Build.0 = Release|Any CPU
		{A24328AF-3B86-4C12-AFC2-CAB6D592F439}.Debug|Any CPU.ActiveCfg = Debug|Any CPU
		{A24328AF-3B86-4C12-AFC2-CAB6D592F439}.Debug|Any CPU.Build.0 = Debug|Any CPU
		{A24328AF-3B86-4C12-AFC2-CAB6D592F439}.Debug|x64.ActiveCfg = Debug|Any CPU
		{A24328AF-3B86-4C12-AFC2-CAB6D592F439}.Debug|x64.Build.0 = Debug|Any CPU
		{A24328AF-3B86-4C12-AFC2-CAB6D592F439}.Debug|x86.ActiveCfg = Debug|Any CPU
		{A24328AF-3B86-4C12-AFC2-CAB6D592F439}.Debug|x86.Build.0 = Debug|Any CPU
		{A24328AF-3B86-4C12-AFC2-CAB6D592F439}.Release|Any CPU.ActiveCfg = Release|Any CPU
		{A24328AF-3B86-4C12-AFC2-CAB6D592F439}.Release|Any CPU.Build.0 = Release|Any CPU
		{A24328AF-3B86-4C12-AFC2-CAB6D592F439}.Release|x64.ActiveCfg = Release|Any CPU
		{A24328AF-3B86-4C12-AFC2-CAB6D592F439}.Release|x64.Build.0 = Release|Any CPU
		{A24328AF-3B86-4C12-AFC2-CAB6D592F439}.Release|x86.ActiveCfg = Release|Any CPU
		{A24328AF-3B86-4C12-AFC2-CAB6D592F439}.Release|x86.Build.0 = Release|Any CPU
		{B46E0AAE-7A7E-42F3-A179-FE5299FA674F}.Debug|Any CPU.ActiveCfg = Debug|Any CPU
		{B46E0AAE-7A7E-42F3-A179-FE5299FA674F}.Debug|Any CPU.Build.0 = Debug|Any CPU
		{B46E0AAE-7A7E-42F3-A179-FE5299FA674F}.Debug|x64.ActiveCfg = Debug|Any CPU
		{B46E0AAE-7A7E-42F3-A179-FE5299FA674F}.Debug|x64.Build.0 = Debug|Any CPU
		{B46E0AAE-7A7E-42F3-A179-FE5299FA674F}.Debug|x86.ActiveCfg = Debug|Any CPU
		{B46E0AAE-7A7E-42F3-A179-FE5299FA674F}.Debug|x86.Build.0 = Debug|Any CPU
		{B46E0AAE-7A7E-42F3-A179-FE5299FA674F}.Release|Any CPU.ActiveCfg = Release|Any CPU
		{B46E0AAE-7A7E-42F3-A179-FE5299FA674F}.Release|Any CPU.Build.0 = Release|Any CPU
		{B46E0AAE-7A7E-42F3-A179-FE5299FA674F}.Release|x64.ActiveCfg = Release|Any CPU
		{B46E0AAE-7A7E-42F3-A179-FE5299FA674F}.Release|x64.Build.0 = Release|Any CPU
		{B46E0AAE-7A7E-42F3-A179-FE5299FA674F}.Release|x86.ActiveCfg = Release|Any CPU
		{B46E0AAE-7A7E-42F3-A179-FE5299FA674F}.Release|x86.Build.0 = Release|Any CPU
		{F61BD153-9748-44A9-BE88-A105AB7FA506}.Debug|Any CPU.ActiveCfg = Debug|Any CPU
		{F61BD153-9748-44A9-BE88-A105AB7FA506}.Debug|Any CPU.Build.0 = Debug|Any CPU
		{F61BD153-9748-44A9-BE88-A105AB7FA506}.Debug|x64.ActiveCfg = Debug|Any CPU
		{F61BD153-9748-44A9-BE88-A105AB7FA506}.Debug|x64.Build.0 = Debug|Any CPU
		{F61BD153-9748-44A9-BE88-A105AB7FA506}.Debug|x86.ActiveCfg = Debug|Any CPU
		{F61BD153-9748-44A9-BE88-A105AB7FA506}.Debug|x86.Build.0 = Debug|Any CPU
		{F61BD153-9748-44A9-BE88-A105AB7FA506}.Release|Any CPU.ActiveCfg = Release|Any CPU
		{F61BD153-9748-44A9-BE88-A105AB7FA506}.Release|Any CPU.Build.0 = Release|Any CPU
		{F61BD153-9748-44A9-BE88-A105AB7FA506}.Release|x64.ActiveCfg = Release|Any CPU
		{F61BD153-9748-44A9-BE88-A105AB7FA506}.Release|x64.Build.0 = Release|Any CPU
		{F61BD153-9748-44A9-BE88-A105AB7FA506}.Release|x86.ActiveCfg = Release|Any CPU
		{F61BD153-9748-44A9-BE88-A105AB7FA506}.Release|x86.Build.0 = Release|Any CPU
		{74205DE3-570D-4029-B888-27776AE11B70}.Debug|Any CPU.ActiveCfg = Debug|Any CPU
		{74205DE3-570D-4029-B888-27776AE11B70}.Debug|Any CPU.Build.0 = Debug|Any CPU
		{74205DE3-570D-4029-B888-27776AE11B70}.Debug|x64.ActiveCfg = Debug|Any CPU
		{74205DE3-570D-4029-B888-27776AE11B70}.Debug|x64.Build.0 = Debug|Any CPU
		{74205DE3-570D-4029-B888-27776AE11B70}.Debug|x86.ActiveCfg = Debug|Any CPU
		{74205DE3-570D-4029-B888-27776AE11B70}.Debug|x86.Build.0 = Debug|Any CPU
		{74205DE3-570D-4029-B888-27776AE11B70}.Release|Any CPU.ActiveCfg = Release|Any CPU
		{74205DE3-570D-4029-B888-27776AE11B70}.Release|Any CPU.Build.0 = Release|Any CPU
		{74205DE3-570D-4029-B888-27776AE11B70}.Release|x64.ActiveCfg = Release|Any CPU
		{74205DE3-570D-4029-B888-27776AE11B70}.Release|x64.Build.0 = Release|Any CPU
		{74205DE3-570D-4029-B888-27776AE11B70}.Release|x86.ActiveCfg = Release|Any CPU
		{74205DE3-570D-4029-B888-27776AE11B70}.Release|x86.Build.0 = Release|Any CPU
		{1E69B734-6DCC-435E-B694-8166A959AB48}.Debug|Any CPU.ActiveCfg = Debug|Any CPU
		{1E69B734-6DCC-435E-B694-8166A959AB48}.Debug|Any CPU.Build.0 = Debug|Any CPU
		{1E69B734-6DCC-435E-B694-8166A959AB48}.Debug|x64.ActiveCfg = Debug|Any CPU
		{1E69B734-6DCC-435E-B694-8166A959AB48}.Debug|x64.Build.0 = Debug|Any CPU
		{1E69B734-6DCC-435E-B694-8166A959AB48}.Debug|x86.ActiveCfg = Debug|Any CPU
		{1E69B734-6DCC-435E-B694-8166A959AB48}.Debug|x86.Build.0 = Debug|Any CPU
		{1E69B734-6DCC-435E-B694-8166A959AB48}.Release|Any CPU.ActiveCfg = Release|Any CPU
		{1E69B734-6DCC-435E-B694-8166A959AB48}.Release|Any CPU.Build.0 = Release|Any CPU
		{1E69B734-6DCC-435E-B694-8166A959AB48}.Release|x64.ActiveCfg = Release|Any CPU
		{1E69B734-6DCC-435E-B694-8166A959AB48}.Release|x64.Build.0 = Release|Any CPU
		{1E69B734-6DCC-435E-B694-8166A959AB48}.Release|x86.ActiveCfg = Release|Any CPU
		{1E69B734-6DCC-435E-B694-8166A959AB48}.Release|x86.Build.0 = Release|Any CPU
		{63EAA0FD-9F08-4A50-8A4D-FBE7279C0921}.Debug|Any CPU.ActiveCfg = Debug|Any CPU
		{63EAA0FD-9F08-4A50-8A4D-FBE7279C0921}.Debug|Any CPU.Build.0 = Debug|Any CPU
		{63EAA0FD-9F08-4A50-8A4D-FBE7279C0921}.Debug|x64.ActiveCfg = Debug|Any CPU
		{63EAA0FD-9F08-4A50-8A4D-FBE7279C0921}.Debug|x64.Build.0 = Debug|Any CPU
		{63EAA0FD-9F08-4A50-8A4D-FBE7279C0921}.Debug|x86.ActiveCfg = Debug|Any CPU
		{63EAA0FD-9F08-4A50-8A4D-FBE7279C0921}.Debug|x86.Build.0 = Debug|Any CPU
		{63EAA0FD-9F08-4A50-8A4D-FBE7279C0921}.Release|Any CPU.ActiveCfg = Release|Any CPU
		{63EAA0FD-9F08-4A50-8A4D-FBE7279C0921}.Release|Any CPU.Build.0 = Release|Any CPU
		{63EAA0FD-9F08-4A50-8A4D-FBE7279C0921}.Release|x64.ActiveCfg = Release|Any CPU
		{63EAA0FD-9F08-4A50-8A4D-FBE7279C0921}.Release|x64.Build.0 = Release|Any CPU
		{63EAA0FD-9F08-4A50-8A4D-FBE7279C0921}.Release|x86.ActiveCfg = Release|Any CPU
		{63EAA0FD-9F08-4A50-8A4D-FBE7279C0921}.Release|x86.Build.0 = Release|Any CPU
		{327D750A-4A70-49B9-8640-8AA6F1CCAE9E}.Debug|Any CPU.ActiveCfg = Debug|Any CPU
		{327D750A-4A70-49B9-8640-8AA6F1CCAE9E}.Debug|Any CPU.Build.0 = Debug|Any CPU
		{327D750A-4A70-49B9-8640-8AA6F1CCAE9E}.Debug|x64.ActiveCfg = Debug|Any CPU
		{327D750A-4A70-49B9-8640-8AA6F1CCAE9E}.Debug|x64.Build.0 = Debug|Any CPU
		{327D750A-4A70-49B9-8640-8AA6F1CCAE9E}.Debug|x86.ActiveCfg = Debug|Any CPU
		{327D750A-4A70-49B9-8640-8AA6F1CCAE9E}.Debug|x86.Build.0 = Debug|Any CPU
		{327D750A-4A70-49B9-8640-8AA6F1CCAE9E}.Release|Any CPU.ActiveCfg = Release|Any CPU
		{327D750A-4A70-49B9-8640-8AA6F1CCAE9E}.Release|Any CPU.Build.0 = Release|Any CPU
		{327D750A-4A70-49B9-8640-8AA6F1CCAE9E}.Release|x64.ActiveCfg = Release|Any CPU
		{327D750A-4A70-49B9-8640-8AA6F1CCAE9E}.Release|x64.Build.0 = Release|Any CPU
		{327D750A-4A70-49B9-8640-8AA6F1CCAE9E}.Release|x86.ActiveCfg = Release|Any CPU
		{327D750A-4A70-49B9-8640-8AA6F1CCAE9E}.Release|x86.Build.0 = Release|Any CPU
		{1B347E89-49F2-4885-9B9A-CC7F19212A77}.Debug|Any CPU.ActiveCfg = Debug|Any CPU
		{1B347E89-49F2-4885-9B9A-CC7F19212A77}.Debug|Any CPU.Build.0 = Debug|Any CPU
		{1B347E89-49F2-4885-9B9A-CC7F19212A77}.Debug|x64.ActiveCfg = Debug|Any CPU
		{1B347E89-49F2-4885-9B9A-CC7F19212A77}.Debug|x64.Build.0 = Debug|Any CPU
		{1B347E89-49F2-4885-9B9A-CC7F19212A77}.Debug|x86.ActiveCfg = Debug|Any CPU
		{1B347E89-49F2-4885-9B9A-CC7F19212A77}.Debug|x86.Build.0 = Debug|Any CPU
		{1B347E89-49F2-4885-9B9A-CC7F19212A77}.Release|Any CPU.ActiveCfg = Release|Any CPU
		{1B347E89-49F2-4885-9B9A-CC7F19212A77}.Release|Any CPU.Build.0 = Release|Any CPU
		{1B347E89-49F2-4885-9B9A-CC7F19212A77}.Release|x64.ActiveCfg = Release|Any CPU
		{1B347E89-49F2-4885-9B9A-CC7F19212A77}.Release|x64.Build.0 = Release|Any CPU
		{1B347E89-49F2-4885-9B9A-CC7F19212A77}.Release|x86.ActiveCfg = Release|Any CPU
		{1B347E89-49F2-4885-9B9A-CC7F19212A77}.Release|x86.Build.0 = Release|Any CPU
	EndGlobalSection
	GlobalSection(SolutionProperties) = preSolution
		HideSolutionNode = FALSE
	EndGlobalSection
	GlobalSection(NestedProjects) = preSolution
		{B46E0AAE-7A7E-42F3-A179-FE5299FA674F} = {07D57EEB-2F50-60C4-C011-FE4FA775C9A8}
		{F61BD153-9748-44A9-BE88-A105AB7FA506} = {07D57EEB-2F50-60C4-C011-FE4FA775C9A8}
		{74205DE3-570D-4029-B888-27776AE11B70} = {07D57EEB-2F50-60C4-C011-FE4FA775C9A8}
		{1E69B734-6DCC-435E-B694-8166A959AB48} = {07D57EEB-2F50-60C4-C011-FE4FA775C9A8}
		{63EAA0FD-9F08-4A50-8A4D-FBE7279C0921} = {07D57EEB-2F50-60C4-C011-FE4FA775C9A8}
		{327D750A-4A70-49B9-8640-8AA6F1CCAE9E} = {07D57EEB-2F50-60C4-C011-FE4FA775C9A8}
		{1B347E89-49F2-4885-9B9A-CC7F19212A77} = {07D57EEB-2F50-60C4-C011-FE4FA775C9A8}
	EndGlobalSection
EndGlobal
